
Microsoft Visual Studio Solution File, Format Version 12.00
# Visual Studio Version 16
VisualStudioVersion = 16.0.31105.61
MinimumVisualStudioVersion = 10.0.40219.1
Project("{FAE04EC0-301F-11D3-BF4B-00C04F79EFBC}") = "RestaurantOrderingSystem_481", "RestaurantOrderingSystem_481.csproj", "{83DF4964-D4C8-4D49-9632-6F5BEF79942B}"
EndProject
Global
	GlobalSection(SolutionConfigurationPlatforms) = preSolution
		Debug|Any CPU = Debug|Any CPU
		Release|Any CPU = Release|Any CPU
	EndGlobalSection
	GlobalSection(ProjectConfigurationPlatforms) = postSolution
		{83DF4964-D4C8-4D49-9632-6F5BEF79942B}.Debug|Any CPU.ActiveCfg = Debug|Any CPU
		{83DF4964-D4C8-4D49-9632-6F5BEF79942B}.Debug|Any CPU.Build.0 = Debug|Any CPU
		{83DF4964-D4C8-4D49-9632-6F5BEF79942B}.Release|Any CPU.ActiveCfg = Release|Any CPU
		{83DF4964-D4C8-4D49-9632-6F5BEF79942B}.Release|Any CPU.Build.0 = Release|Any CPU
	EndGlobalSection
	GlobalSection(SolutionProperties) = preSolution
		HideSolutionNode = FALSE
	EndGlobalSection
	GlobalSection(ExtensibilityGlobals) = postSolution
		SolutionGuid = {D308B845-014B-4148-8407-269971196847}
	EndGlobalSection
EndGlobal
